# THIS IS AN AUTOGENERATED FILE. DO NOT EDIT THIS FILE DIRECTLY.
# yarn lockfile v1


base32.js@0.1.0:
  version "0.1.0"
  resolved "https://registry.yarnpkg.com/base32.js/-/base32.js-0.1.0.tgz#b582dec693c2f11e893cf064ee6ac5b6131a2202"
  integrity sha1-tYLexpPC8R6JPPBk7mrFthMaIgI=

ipv6-normalize@1.0.1:
  version "1.0.1"
  resolved "https://registry.yarnpkg.com/ipv6-normalize/-/ipv6-normalize-1.0.1.tgz#1b3258290d365fa83239e89907dde4592e7620a8"
  integrity sha1-GzJYKQ02X6gyOeiZB93kWS52IKg=

nodemailer@6.4.5:
  version "6.4.5"
  resolved "https://registry.yarnpkg.com/nodemailer/-/nodemailer-6.4.5.tgz#45614c6454d1a947242105eeddae03df87e29916"
  integrity sha512-NH7aNVQyZLAvGr2+EOto7znvz+qJ02Cb/xpou98ApUt5tEAUSVUxhvHvgV/8I5dhjKTYqUw0nasoKzLNBJKrDQ==

smtp-server@^3.6.0:
  version "3.6.0"
  resolved "https://registry.yarnpkg.com/smtp-server/-/smtp-server-3.6.0.tgz#2931181bc58d222c16e6ff9aca450432f688eb99"
  integrity sha512-DVEVWzL4s1GWzAs4+6rbhNZpAn61+V8l4b7R8zHLAW2jmlwKz9IKQmdgm5sNruCRnS01BYyitI98vJo7LDnXfg==
  dependencies:
    base32.js "0.1.0"
    ipv6-normalize "1.0.1"
    nodemailer "6.4.5"
